Microsoft Visual Studio Solution File, Format Version 12.00
# Visual Studio 15
VisualStudioVersion = 15.0.25807.0
MinimumVisualStudioVersion = 10.0.40219.1
Project("{2150E333-8FDC-42A3-9474-1A3956D46DE8}") = "Engine", "Engine", "{CCFA22FB-2328-4F04-BF53-F69F5BA55328}"
EndProject
Project("{2150E333-8FDC-42A3-9474-1A3956D46DE8}") = "Games", "Games", "{850F5BC1-D96C-4266-B9A4-7469F818B53F}"
EndProject
Project("{8BC9CEB8-8B4A-11D0-8D11-00A0C91BC942}") = "UE4", "Intermediate\ProjectFiles\UE4.vcxproj", "{0628A786-335F-4D62-B7B3-44D86F016A88}"
EndProject
Project("{8BC9CEB8-8B4A-11D0-8D11-00A0C91BC942}") = "ShadersProject", "Intermediate\ProjectFiles\ShadersProject.vcxproj", "{CEBA8178-02C5-4D79-A62F-26B4D10D83B6}"
EndProject
Project("{2150E333-8FDC-42A3-9474-1A3956D46DE8}") = "Visualizers", "Visualizers", "{8DEDCF73-4305-4814-A5B5-73787D40E7A5}"
	ProjectSection(SolutionItems) = preProject
		..\..\..\..\..\Program Files\Epic Games\UE_4.21\Engine\Extras\VisualStudioDebugging\UE4.natvis = ..\..\..\..\..\Program Files\Epic Games\UE_4.21\Engine\Extras\VisualStudioDebugging\UE4.natvis
	EndProjectSection
EndProject
Global
	GlobalSection(SolutionConfigurationPlatforms) = preSolution
		DebugGame Editor|HTML5 = DebugGame Editor|HTML5
		DebugGame Editor|IOS = DebugGame Editor|IOS
		DebugGame Editor|Win32 = DebugGame Editor|Win32
		DebugGame Editor|Win64 = DebugGame Editor|Win64
		DebugGame|HTML5 = DebugGame|HTML5
		DebugGame|IOS = DebugGame|IOS
		DebugGame|Win32 = DebugGame|Win32
		DebugGame|Win64 = DebugGame|Win64
		Development Editor|HTML5 = Development Editor|HTML5
		Development Editor|IOS = Development Editor|IOS
		Development Editor|Win32 = Development Editor|Win32
		Development Editor|Win64 = Development Editor|Win64
		Development|HTML5 = Development|HTML5
		Development|IOS = Development|IOS
		Development|Win32 = Development|Win32
		Development|Win64 = Development|Win64
		Shipping|HTML5 = Shipping|HTML5
		Shipping|IOS = Shipping|IOS
		Shipping|Win32 = Shipping|Win32
		Shipping|Win64 = Shipping|Win64
	EndGlobalSection
	GlobalSection(ProjectConfigurationPlatforms) = postSolution
		{0628A786-335F-4D62-B7B3-44D86F016A88}.DebugGame Editor|HTML5.ActiveCfg = BuiltWithUnrealBuildTool|Win32
		{0628A786-335F-4D62-B7B3-44D86F016A88}.DebugGame Editor|IOS.ActiveCfg = BuiltWithUnrealBuildTool|Win32
		{0628A786-335F-4D62-B7B3-44D86F016A88}.DebugGame Editor|Win32.ActiveCfg = BuiltWithUnrealBuildTool|Win32
		{0628A786-335F-4D62-B7B3-44D86F016A88}.DebugGame Editor|Win64.ActiveCfg = BuiltWithUnrealBuildTool|Win32
		{0628A786-335F-4D62-B7B3-44D86F016A88}.DebugGame|HTML5.ActiveCfg = BuiltWithUnrealBuildTool|Win32
		{0628A786-335F-4D62-B7B3-44D86F016A88}.DebugGame|IOS.ActiveCfg = BuiltWithUnrealBuildTool|Win32
		{0628A786-335F-4D62-B7B3-44D86F016A88}.DebugGame|Win32.ActiveCfg = BuiltWithUnrealBuildTool|Win32
		{0628A786-335F-4D62-B7B3-44D86F016A88}.DebugGame|Win64.ActiveCfg = BuiltWithUnrealBuildTool|Win32
		{0628A786-335F-4D62-B7B3-44D86F016A88}.Development Editor|HTML5.ActiveCfg = BuiltWithUnrealBuildTool|Win32
		{0628A786-335F-4D62-B7B3-44D86F016A88}.Development Editor|IOS.ActiveCfg = BuiltWithUnrealBuildTool|Win32
		{0628A786-335F-4D62-B7B3-44D86F016A88}.Development Editor|Win32.ActiveCfg = BuiltWithUnrealBuildTool|Win32
		{0628A786-335F-4D62-B7B3-44D86F016A88}.Development Editor|Win64.ActiveCfg = BuiltWithUnrealBuildTool|Win32
		{0628A786-335F-4D62-B7B3-44D86F016A88}.Development|HTML5.ActiveCfg = BuiltWithUnrealBuildTool|Win32
		{0628A786-335F-4D62-B7B3-44D86F016A88}.Development|IOS.ActiveCfg = BuiltWithUnrealBuildTool|Win32
		{0628A786-335F-4D62-B7B3-44D86F016A88}.Development|Win32.ActiveCfg = BuiltWithUnrealBuildTool|Win32
		{0628A786-335F-4D62-B7B3-44D86F016A88}.Development|Win64.ActiveCfg = BuiltWithUnrealBuildTool|Win32
		{0628A786-335F-4D62-B7B3-44D86F016A88}.Shipping|HTML5.ActiveCfg = BuiltWithUnrealBuildTool|Win32
		{0628A786-335F-4D62-B7B3-44D86F016A88}.Shipping|IOS.ActiveCfg = BuiltWithUnrealBuildTool|Win32
		{0628A786-335F-4D62-B7B3-44D86F016A88}.Shipping|Win32.ActiveCfg = BuiltWithUnrealBuildTool|Win32
		{0628A786-335F-4D62-B7B3-44D86F016A88}.Shipping|Win64.ActiveCfg = BuiltWithUnrealBuildTool|Win32
		{CEBA8178-02C5-4D79-A62F-26B4D10D83B6}.DebugGame Editor|HTML5.ActiveCfg = Invalid|Win32
		{CEBA8178-02C5-4D79-A62F-26B4D10D83B6}.DebugGame Editor|IOS.ActiveCfg = Invalid|Win32
		{CEBA8178-02C5-4D79-A62F-26B4D10D83B6}.DebugGame Editor|Win32.ActiveCfg = Invalid|Win32
		{CEBA8178-02C5-4D79-A62F-26B4D10D83B6}.DebugGame Editor|Win64.ActiveCfg = DebugGame_Editor|x64
		{CEBA8178-02C5-4D79-A62F-26B4D10D83B6}.DebugGame Editor|Win64.Build.0 = DebugGame_Editor|x64
		{CEBA8178-02C5-4D79-A62F-26B4D10D83B6}.DebugGame|HTML5.ActiveCfg = HTML5_DebugGame|Win32
		{CEBA8178-02C5-4D79-A62F-26B4D10D83B6}.DebugGame|HTML5.Build.0 = HTML5_DebugGame|Win32
		{CEBA8178-02C5-4D79-A62F-26B4D10D83B6}.DebugGame|IOS.ActiveCfg = IOS_DebugGame|Win32
		{CEBA8178-02C5-4D79-A62F-26B4D10D83B6}.DebugGame|IOS.Build.0 = IOS_DebugGame|Win32
		{CEBA8178-02C5-4D79-A62F-26B4D10D83B6}.DebugGame|Win32.ActiveCfg = DebugGame|Win32
		{CEBA8178-02C5-4D79-A62F-26B4D10D83B6}.DebugGame|Win32.Build.0 = DebugGame|Win32
		{CEBA8178-02C5-4D79-A62F-26B4D10D83B6}.DebugGame|Win64.ActiveCfg = DebugGame|x64
		{CEBA8178-02C5-4D79-A62F-26B4D10D83B6}.DebugGame|Win64.Build.0 = DebugGame|x64
		{CEBA8178-02C5-4D79-A62F-26B4D10D83B6}.Development Editor|HTML5.ActiveCfg = Invalid|Win32
		{CEBA8178-02C5-4D79-A62F-26B4D10D83B6}.Development Editor|IOS.ActiveCfg = Invalid|Win32
		{CEBA8178-02C5-4D79-A62F-26B4D10D83B6}.Development Editor|Win32.ActiveCfg = Invalid|Win32
		{CEBA8178-02C5-4D79-A62F-26B4D10D83B6}.Development Editor|Win64.ActiveCfg = Development_Editor|x64
		{CEBA8178-02C5-4D79-A62F-26B4D10D83B6}.Development Editor|Win64.Build.0 = Development_Editor|x64
		{CEBA8178-02C5-4D79-A62F-26B4D10D83B6}.Development|HTML5.ActiveCfg = HTML5_Development|Win32
		{CEBA8178-02C5-4D79-A62F-26B4D10D83B6}.Development|HTML5.Build.0 = HTML5_Development|Win32
		{CEBA8178-02C5-4D79-A62F-26B4D10D83B6}.Development|IOS.ActiveCfg = IOS_Development|Win32
		{CEBA8178-02C5-4D79-A62F-26B4D10D83B6}.Development|IOS.Build.0 = IOS_Development|Win32
		{CEBA8178-02C5-4D79-A62F-26B4D10D83B6}.Development|Win32.ActiveCfg = Development|Win32
		{CEBA8178-02C5-4D79-A62F-26B4D10D83B6}.Development|Win32.Build.0 = Development|Win32
		{CEBA8178-02C5-4D79-A62F-26B4D10D83B6}.Development|Win64.ActiveCfg = Development|x64
		{CEBA8178-02C5-4D79-A62F-26B4D10D83B6}.Development|Win64.Build.0 = Development|x64
		{CEBA8178-02C5-4D79-A62F-26B4D10D83B6}.Shipping|HTML5.ActiveCfg = HTML5_Shipping|Win32
		{CEBA8178-02C5-4D79-A62F-26B4D10D83B6}.Shipping|HTML5.Build.0 = HTML5_Shipping|Win32
		{CEBA8178-02C5-4D79-A62F-26B4D10D83B6}.Shipping|IOS.ActiveCfg = IOS_Shipping|Win32
		{CEBA8178-02C5-4D79-A62F-26B4D10D83B6}.Shipping|IOS.Build.0 = IOS_Shipping|Win32
		{CEBA8178-02C5-4D79-A62F-26B4D10D83B6}.Shipping|Win32.ActiveCfg = Shipping|Win32
		{CEBA8178-02C5-4D79-A62F-26B4D10D83B6}.Shipping|Win32.Build.0 = Shipping|Win32
		{CEBA8178-02C5-4D79-A62F-26B4D10D83B6}.Shipping|Win64.ActiveCfg = Shipping|x64
		{CEBA8178-02C5-4D79-A62F-26B4D10D83B6}.Shipping|Win64.Build.0 = Shipping|x64
	EndGlobalSection
	GlobalSection(SolutionProperties) = preSolution
		HideSolutionNode = FALSE
	EndGlobalSection
	GlobalSection(NestedProjects) = preSolution
		{0628A786-335F-4D62-B7B3-44D86F016A88} = {CCFA22FB-2328-4F04-BF53-F69F5BA55328}
		{CEBA8178-02C5-4D79-A62F-26B4D10D83B6} = {850F5BC1-D96C-4266-B9A4-7469F818B53F}
		{CEBA8178-02C5-4D79-A62F-26B4D10D83B6} = {850F5BC1-D96C-4266-B9A4-7469F818B53F}
	EndGlobalSection
EndGlobal
